
Microsoft Visual Studio Solution File, Format Version 12.00
# Visual Studio Version 16
VisualStudioVersion = 16.0.28803.202
MinimumVisualStudioVersion = 10.0.40219.1
Project("{9A19103F-16F7-4668-BE54-9A1E7A4F7556}") = "GoogleMapsComponents", "GoogleMapsComponents\GoogleMapsComponents.csproj", "{EEFC0113-D075-4F36-ABC8-EAAB3A138079}"
EndProject
Project("{2150E333-8FDC-42A3-9474-1A3956D46DE8}") = "samples", "samples", "{575D69F2-3102-4FE1-A094-23A553B772AA}"
EndProject
Project("{9A19103F-16F7-4668-BE54-9A1E7A4F7556}") = "ServerSideDemo", "ServerSideDemo\ServerSideDemo.csproj", "{4529EAF0-F632-485C-B76D-3B908767D0ED}"
EndProject
Project("{9A19103F-16F7-4668-BE54-9A1E7A4F7556}") = "ClientSideDemo", "ClientSideDemo\ClientSideDemo.csproj", "{4391E333-F33D-4E18-8D45-1C6E73B77285}"
EndProject
Project("{9A19103F-16F7-4668-BE54-9A1E7A4F7556}") = "ServerBlazorDemo.Server", "ServerBlazorDemo.Server\ServerBlazorDemo.Server.csproj", "{C51AEDA7-FCF1-40B1-A9D1-84F137F38172}"
EndProject
Project("{9A19103F-16F7-4668-BE54-9A1E7A4F7556}") = "ServerBlazorDemo.Client", "ServerBlazorDemo.Client\ServerBlazorDemo.Client.csproj", "{C5BC2C4C-3D5F-4E75-9C7A-7656AF3C5F24}"
EndProject
Project("{9A19103F-16F7-4668-BE54-9A1E7A4F7556}") = "ServerBlazorDemo.Shared", "ServerBlazorDemo.Shared\ServerBlazorDemo.Shared.csproj", "{1C90113F-6558-4771-B333-BC5ABB12DDF8}"
EndProject
Global
	GlobalSection(SolutionConfigurationPlatforms) = preSolution
		Debug|Any CPU = Debug|Any CPU
		Release|Any CPU = Release|Any CPU
	EndGlobalSection
	GlobalSection(ProjectConfigurationPlatforms) = postSolution
		{EEFC0113-D075-4F36-ABC8-EAAB3A138079}.Debug|Any CPU.ActiveCfg = Debug|Any CPU
		{EEFC0113-D075-4F36-ABC8-EAAB3A138079}.Debug|Any CPU.Build.0 = Debug|Any CPU
		{EEFC0113-D075-4F36-ABC8-EAAB3A138079}.Release|Any CPU.ActiveCfg = Release|Any CPU
		{EEFC0113-D075-4F36-ABC8-EAAB3A138079}.Release|Any CPU.Build.0 = Release|Any CPU
		{4529EAF0-F632-485C-B76D-3B908767D0ED}.Debug|Any CPU.ActiveCfg = Debug|Any CPU
		{4529EAF0-F632-485C-B76D-3B908767D0ED}.Debug|Any CPU.Build.0 = Debug|Any CPU
		{4529EAF0-F632-485C-B76D-3B908767D0ED}.Release|Any CPU.ActiveCfg = Release|Any CPU
		{4529EAF0-F632-485C-B76D-3B908767D0ED}.Release|Any CPU.Build.0 = Release|Any CPU
		{4391E333-F33D-4E18-8D45-1C6E73B77285}.Debug|Any CPU.ActiveCfg = Debug|Any CPU
		{4391E333-F33D-4E18-8D45-1C6E73B77285}.Debug|Any CPU.Build.0 = Debug|Any CPU
		{4391E333-F33D-4E18-8D45-1C6E73B77285}.Release|Any CPU.ActiveCfg = Release|Any CPU
		{4391E333-F33D-4E18-8D45-1C6E73B77285}.Release|Any CPU.Build.0 = Release|Any CPU
		{C51AEDA7-FCF1-40B1-A9D1-84F137F38172}.Debug|Any CPU.ActiveCfg = Debug|Any CPU
		{C51AEDA7-FCF1-40B1-A9D1-84F137F38172}.Debug|Any CPU.Build.0 = Debug|Any CPU
		{C51AEDA7-FCF1-40B1-A9D1-84F137F38172}.Release|Any CPU.ActiveCfg = Release|Any CPU
		{C51AEDA7-FCF1-40B1-A9D1-84F137F38172}.Release|Any CPU.Build.0 = Release|Any CPU
		{C5BC2C4C-3D5F-4E75-9C7A-7656AF3C5F24}.Debug|Any CPU.ActiveCfg = Debug|Any CPU
		{C5BC2C4C-3D5F-4E75-9C7A-7656AF3C5F24}.Debug|Any CPU.Build.0 = Debug|Any CPU
		{C5BC2C4C-3D5F-4E75-9C7A-7656AF3C5F24}.Release|Any CPU.ActiveCfg = Release|Any CPU
		{C5BC2C4C-3D5F-4E75-9C7A-7656AF3C5F24}.Release|Any CPU.Build.0 = Release|Any CPU
		{1C90113F-6558-4771-B333-BC5ABB12DDF8}.Debug|Any CPU.ActiveCfg = Debug|Any CPU
		{1C90113F-6558-4771-B333-BC5ABB12DDF8}.Debug|Any CPU.Build.0 = Debug|Any CPU
		{1C90113F-6558-4771-B333-BC5ABB12DDF8}.Release|Any CPU.ActiveCfg = Release|Any CPU
		{1C90113F-6558-4771-B333-BC5ABB12DDF8}.Release|Any CPU.Build.0 = Release|Any CPU
	EndGlobalSection
	GlobalSection(SolutionProperties) = preSolution
		HideSolutionNode = FALSE
	EndGlobalSection
	GlobalSection(NestedProjects) = preSolution
		{4529EAF0-F632-485C-B76D-3B908767D0ED} = {575D69F2-3102-4FE1-A094-23A553B772AA}
		{4391E333-F33D-4E18-8D45-1C6E73B77285} = {575D69F2-3102-4FE1-A094-23A553B772AA}
	EndGlobalSection
	GlobalSection(ExtensibilityGlobals) = postSolution
		SolutionGuid = {631CEE94-77D6-4F14-B8C6-4E51C2A924AE}
	EndGlobalSection
EndGlobal
